# THIS IS AN AUTOGENERATED FILE. DO NOT EDIT THIS FILE DIRECTLY.
# yarn lockfile v1


"@privageapp/thai-national-id-reader@^1.0.4":
  version "1.0.4"
  resolved "https://registry.yarnpkg.com/@privageapp/thai-national-id-reader/-/thai-national-id-reader-1.0.4.tgz#d7627c1a99c548bdc4654662aed25983a83fd00c"
  integrity sha512-jGqL2f1wKkDNhdiZL/9DMKpw7PMFGNn5ffV3B5YwwoklQg8z4Yca4TfNvvuuKiGdhlY9QcUlIdF7prp79VC/0A==
  dependencies:
    datauri "^1.1.0"
    pcsclite "^1.0.0"

atomic-sleep@^1.0.0:
  version "1.0.0"
  resolved "https://registry.yarnpkg.com/atomic-sleep/-/atomic-sleep-1.0.0.tgz#eb85b77a601fc932cfe432c5acd364a9e2c9075b"
  integrity sha512-kNOjDqAh7px0XWNI+4QbzoiR/nTkHAWNud2uvnJquD1/x5a7EQZMJT0AczqK0Qn67oY/TTQ1LbUKajZpp3I9tQ==

bindings@^1.1.0:
  version "1.5.0"
  resolved "https://registry.yarnpkg.com/bindings/-/bindings-1.5.0.tgz#10353c9e945334bc0511a6d90b38fbc7c9c504df"
  integrity sha512-p2q/t/mhvuOj/UeLlV6566GD/guowlr0hHxClI0W9m7MWYkL1F0hLo+0Aexs9HSPCtR1SXQ0TD3MMKrXZajbiQ==
  dependencies:
    file-uri-to-path "1.0.0"

datauri@^1.1.0:
  version "1.1.0"
  resolved "https://registry.yarnpkg.com/datauri/-/datauri-1.1.0.tgz#c6184ff6b928ede4e41ccc23ab954c7839c4fb39"
  integrity sha512-0q+cTTKx7q8eDteZRIQLTFJuiIsVing17UbWTPssY4JLSMaYsk/VKpNulBDo9NSgQWcvlPrkEHW8kUO67T/7mQ==
  dependencies:
    image-size "^0.6.2"
    mimer "^0.3.2"
    semver "^5.5.0"

fast-redact@^2.0.0:
  version "2.0.0"
  resolved "https://registry.yarnpkg.com/fast-redact/-/fast-redact-2.0.0.tgz#17bb8f5e1f56ecf4a38c8455985e5eab4c478431"
  integrity sha512-zxpkULI9W9MNTK2sJ3BpPQrTEXFNESd2X6O1tXMFpK/XM0G5c5Rll2EVYZH2TqI3xRGK/VaJ+eEOt7pnENJpeA==

fast-safe-stringify@^2.0.7:
  version "2.0.7"
  resolved "https://registry.yarnpkg.com/fast-safe-stringify/-/fast-safe-stringify-2.0.7.tgz#124aa885899261f68aedb42a7c080de9da608743"
  integrity sha512-Utm6CdzT+6xsDk2m8S6uL8VHxNwI6Jub+e9NYTcAms28T84pTa25GJQV9j0CY0N1rM8hK4x6grpF2BQf+2qwVA==

file-uri-to-path@1.0.0:
  version "1.0.0"
  resolved "https://registry.yarnpkg.com/file-uri-to-path/-/file-uri-to-path-1.0.0.tgz#553a7b8446ff6f684359c445f1e37a05dacc33dd"
  integrity sha512-0Zt+s3L7Vf1biwWZ29aARiVYLx7iMGnEUl9x33fbB/j3jR81u/O2LbqK+Bm1CDSNDKVtJ/YjwY7TUd5SkeLQLw==

flatstr@^1.0.12:
  version "1.0.12"
  resolved "https://registry.yarnpkg.com/flatstr/-/flatstr-1.0.12.tgz#c2ba6a08173edbb6c9640e3055b95e287ceb5931"
  integrity sha512-4zPxDyhCyiN2wIAtSLI6gc82/EjqZc1onI4Mz/l0pWrAlsSfYH/2ZIcU+e3oA2wDwbzIWNKwa23F8rh6+DRWkw==

hexify@^1.0.1:
  version "1.0.1"
  resolved "https://registry.yarnpkg.com/hexify/-/hexify-1.0.1.tgz#543ce171628769c21138092764ad8d904b69f2e1"
  integrity sha1-VDzhcWKHacIROAknZK2NkEtp8uE=

image-size@^0.6.2:
  version "0.6.3"
  resolved "https://registry.yarnpkg.com/image-size/-/image-size-0.6.3.tgz#e7e5c65bb534bd7cdcedd6cb5166272a85f75fb2"
  integrity sha512-47xSUiQioGaB96nqtp5/q55m0aBQSQdyIloMOc/x+QVTDZLNmXE892IIDrJ0hM1A5vcNUDD5tDffkSP5lCaIIA==

mimer@^0.3.2:
  version "0.3.2"
  resolved "https://registry.yarnpkg.com/mimer/-/mimer-0.3.2.tgz#0b83aabdf48eaacfd2e093ed4c0ed3d38eda8073"
  integrity sha512-N6NcgDQAevhP/02DQ/epK6daLy4NKrIHyTlJcO6qBiYn98q+Y4a/knNsAATCe1xLS2F0nEmJp+QYli2s8vKwyQ==

nan@^2.14.0:
  version "2.14.1"
  resolved "https://registry.yarnpkg.com/nan/-/nan-2.14.1.tgz#d7be34dfa3105b91494c3147089315eff8874b01"
  integrity sha512-isWHgVjnFjh2x2yuJ/tj3JbwoHu3UC2dX5G/88Cm24yB6YopVgxvBObDY7n5xW6ExmFhJpSEQqFPvq9zaXc8Jw==

pcsclite@^1.0.0:
  version "1.0.0"
  resolved "https://registry.yarnpkg.com/pcsclite/-/pcsclite-1.0.0.tgz#52c0b494ce33cc0488150684107c2017144039fc"
  integrity sha512-hmn4qYxdqhI7ysutE9sPaHwOnMunNK3LxByv4HnuME95KOfCuAywyBjV0gSVkU8ZUxMV0Ug2Fs1nLdv2V9xThA==
  dependencies:
    bindings "^1.1.0"
    nan "^2.14.0"

pino-std-serializers@^2.4.2:
  version "2.4.2"
  resolved "https://registry.yarnpkg.com/pino-std-serializers/-/pino-std-serializers-2.4.2.tgz#cb5e3e58c358b26f88969d7e619ae54bdfcc1ae1"
  integrity sha512-WaL504dO8eGs+vrK+j4BuQQq6GLKeCCcHaMB2ItygzVURcL1CycwNEUHTD/lHFHs/NL5qAz2UKrjYWXKSf4aMQ==

pino@^6.3.2:
  version "6.4.1"
  resolved "https://registry.yarnpkg.com/pino/-/pino-6.4.1.tgz#6173dcdc1e647ae17ddbc4a412d1f12d3d2ab9b5"
  integrity sha512-1zDSQworQZw14tvqjuW5aj5GV5oUQpV5Bz5wnpVVltVPBzaOoV1Dv+oKn1xNCz2CCkOyZd+kkdlel9lCLBYl+Q==
  dependencies:
    fast-redact "^2.0.0"
    fast-safe-stringify "^2.0.7"
    flatstr "^1.0.12"
    pino-std-serializers "^2.4.2"
    quick-format-unescaped "^4.0.1"
    sonic-boom "^1.0.0"

quick-format-unescaped@^4.0.1:
  version "4.0.1"
  resolved "https://registry.yarnpkg.com/quick-format-unescaped/-/quick-format-unescaped-4.0.1.tgz#437a5ea1a0b61deb7605f8ab6a8fd3858dbeb701"
  integrity sha512-RyYpQ6Q5/drsJyOhrWHYMWTedvjTIat+FTwv0K4yoUxzvekw2aRHMQJLlnvt8UantkZg2++bEzD9EdxXqkWf4A==

semver@^5.5.0:
  version "5.7.1"
  resolved "https://registry.yarnpkg.com/semver/-/semver-5.7.1.tgz#a954f931aeba508d307bbf069eff0c01c96116f7"
  integrity sha512-sauaDf/PZdVgrLTNYHRtpXa1iRiKcaebiKQ1BJdpQlWH2lCvexQdX55snPFyK7QzpudqbCI0qXFfOasHdyNDGQ==

smartcard@^1.0.23:
  version "1.0.37"
  resolved "https://registry.yarnpkg.com/smartcard/-/smartcard-1.0.37.tgz#a7092645339dfe2674147905a617dbd499fc81c9"
  integrity sha512-t5YWh9jZD83j1vRfz/M1YOr2luFVb+95hxdpc+5+xdq6CIoyT5XwnaWcFd90f5IG+Och6D4NIMtUNlM3QuqW0A==
  dependencies:
    hexify "^1.0.1"
    pcsclite "^1.0.0"
    pino "^6.3.2"

sonic-boom@^1.0.0:
  version "1.0.2"
  resolved "https://registry.yarnpkg.com/sonic-boom/-/sonic-boom-1.0.2.tgz#8769646fac2ecb58bd0ed60562280aa4211598df"
  integrity sha512-sRMmXu7uFDXoniGvtLHuQk5KWovLWoi6WKASn7rw0ro41mPf0fOolkGp4NE6680CbxvNh26zWNyFQYYWXe33EA==
  dependencies:
    atomic-sleep "^1.0.0"
    flatstr "^1.0.12"

thaismartcardreader.js@^0.2.4:
  version "0.2.4"
  resolved "https://registry.yarnpkg.com/thaismartcardreader.js/-/thaismartcardreader.js-0.2.4.tgz#342a80d07dd1064f7b57a9af7d0bd6168a58c8ee"
  integrity sha512-9WCvovq0Qm92YYDMe3mQtjuHeFBelC9l5q5mfJtAlClfqJk5RnZVz/pshFZe8JDp5FKVSVjzNTNIX3psDQZMMw==
  dependencies:
    smartcard "^1.0.23"
    utf8 "^3.0.0"

utf8@^3.0.0:
  version "3.0.0"
  resolved "https://registry.yarnpkg.com/utf8/-/utf8-3.0.0.tgz#f052eed1364d696e769ef058b183df88c87f69d1"
  integrity sha512-E8VjFIQ/TyQgp+TZfS6l8yp/xWppSAHzidGiRrqe4bK4XP9pTRyKFgGJpO3SN7zdX4DeomTrwaseCHovfpFcqQ==
